// !$*UTF8*$!
{
	archiveVersion = 1;
	classes = {
	};
	objectVersion = 46;
	objects = {

/* Begin PBXBuildFile section */
		285245C51F7BCFBA002F1A6C /* Twitter.framework in Frameworks */ = {isa = PBXBuildFile; fileRef = 285245C41F7BCFBA002F1A6C /* Twitter.framework */; };
		285245C61F7BCFBA002F1A6C /* Twitter.framework in Embed Frameworks */ = {isa = PBXBuildFile; fileRef = 285245C41F7BCFBA002F1A6C /* Twitter.framework */; settings = {ATTRIBUTES = (CodeSignOnCopy, RemoveHeadersOnCopy, ); }; };
		285245C91F7BE408002F1A6C /* TweetTableViewCell.swift in Sources */ = {isa = PBXBuildFile; fileRef = 285245C81F7BE408002F1A6C /* TweetTableViewCell.swift */; };
		2876ACE11F74118F00C15335 /* AppDelegate.swift in Sources */ = {isa = PBXBuildFile; fileRef = 2876ACE01F74118F00C15335 /* AppDelegate.swift */; };
		2876ACE61F74118F00C15335 /* Main.storyboard in Resources */ = {isa = PBXBuildFile; fileRef = 2876ACE41F74118F00C15335 /* Main.storyboard */; };
		2876ACE81F74118F00C15335 /* Assets.xcassets in Resources */ = {isa = PBXBuildFile; fileRef = 2876ACE71F74118F00C15335 /* Assets.xcassets */; };
		2876ACEB1F74118F00C15335 /* LaunchScreen.storyboard in Resources */ = {isa = PBXBuildFile; fileRef = 2876ACE91F74118F00C15335 /* LaunchScreen.storyboard */; };
		2876ACF81F7412C000C15335 /* TweetTableViewController.swift in Sources */ = {isa = PBXBuildFile; fileRef = 2876ACF71F7412C000C15335 /* TweetTableViewController.swift */; };
/* End PBXBuildFile section */

/* Begin PBXCopyFilesBuildPhase section */
		285245C71F7BCFBA002F1A6C /* Embed Frameworks */ = {
			isa = PBXCopyFilesBuildPhase;
			buildActionMask = 2147483647;
			dstPath = "";
			dstSubfolderSpec = 10;
			files = (
				285245C61F7BCFBA002F1A6C /* Twitter.framework in Embed Frameworks */,
			);
			name = "Embed Frameworks";
			runOnlyForDeploymentPostprocessing = 0;
		};
/* End PBXCopyFilesBuildPhase section */

/* Begin PBXFileReference section */
		285245C41F7BCFBA002F1A6C /* Twitter.framework */ = {isa = PBXFileReference; explicitFileType = wrapper.framework; path = Twitter.framework; sourceTree = BUILT_PRODUCTS_DIR; };
		285245C81F7BE408002F1A6C /* TweetTableViewCell.swift */ = {isa = PBXFileReference; fileEncoding = 4; lastKnownFileType = sourcecode.swift; path = TweetTableViewCell.swift; sourceTree = "<group>"; };
		2876ACDD1F74118F00C15335 /* Smashtag.app */ = {isa = PBXFileReference; explicitFileType = wrapper.application; includeInIndex = 0; path = Smashtag.app; sourceTree = BUILT_PRODUCTS_DIR; };
		2876ACE01F74118F00C15335 /* AppDelegate.swift */ = {isa = PBXFileReference; lastKnownFileType = sourcecode.swift; path = AppDelegate.swift; sourceTree = "<group>"; };
		2876ACE51F74118F00C15335 /* Base */ = {isa = PBXFileReference; lastKnownFileType = file.storyboard; name = Base; path = Base.lproj/Main.storyboard; sourceTree = "<group>"; };
		2876ACE71F74118F00C15335 /* Assets.xcassets */ = {isa = PBXFileReference; lastKnownFileType = folder.assetcatalog; path = Assets.xcassets; sourceTree = "<group>"; };
		2876ACEA1F74118F00C15335 /* Base */ = {isa = PBXFileReference; lastKnownFileType = file.storyboard; name = Base; path = Base.lproj/LaunchScreen.storyboard; sourceTree = "<group>"; };
		2876ACEC1F74118F00C15335 /* Info.plist */ = {isa = PBXFileReference; lastKnownFileType = text.plist.xml; path = Info.plist; sourceTree = "<group>"; };
		2876ACF71F7412C000C15335 /* TweetTableViewController.swift */ = {isa = PBXFileReference; fileEncoding = 4; lastKnownFileType = sourcecode.swift; path = TweetTableViewController.swift; sourceTree = "<group>"; };
/* End PBXFileReference section */

/* Begin PBXFrameworksBuildPhase section */
		2876ACDA1F74118F00C15335 /* Frameworks */ = {
			isa = PBXFrameworksBuildPhase;
			buildActionMask = 2147483647;
			files = (
				285245C51F7BCFBA002F1A6C /* Twitter.framework in Frameworks */,
			);
			runOnlyForDeploymentPostprocessing = 0;
		};
/* End PBXFrameworksBuildPhase section */

/* Begin PBXGroup section */
		2876ACD41F74118F00C15335 = {
			isa = PBXGroup;
			children = (
				285245C41F7BCFBA002F1A6C /* Twitter.framework */,
				2876ACDF1F74118F00C15335 /* Smashtag */,
				2876ACDE1F74118F00C15335 /* Products */,
			);
			sourceTree = "<group>";
		};
		2876ACDE1F74118F00C15335 /* Products */ = {
			isa = PBXGroup;
			children = (
				2876ACDD1F74118F00C15335 /* Smashtag.app */,
			);
			name = Products;
			sourceTree = "<group>";
		};
		2876ACDF1F74118F00C15335 /* Smashtag */ = {
			isa = PBXGroup;
			children = (
				2876ACF71F7412C000C15335 /* TweetTableViewController.swift */,
				285245C81F7BE408002F1A6C /* TweetTableViewCell.swift */,
				2876ACE41F74118F00C15335 /* Main.storyboard */,
				2876ACEC1F74118F00C15335 /* Info.plist */,
				2876ACF21F7411FC00C15335 /* Supporting Files */,
			);
			path = Smashtag;
			sourceTree = "<group>";
		};
		2876ACF21F7411FC00C15335 /* Supporting Files */ = {
			isa = PBXGroup;
			children = (
				2876ACE01F74118F00C15335 /* AppDelegate.swift */,
				2876ACE71F74118F00C15335 /* Assets.xcassets */,
				2876ACE91F74118F00C15335 /* LaunchScreen.storyboard */,
			);
			name = "Supporting Files";
			sourceTree = "<group>";
		};
/* End PBXGroup section */

/* Begin PBXNativeTarget section */
		2876ACDC1F74118F00C15335 /* Smashtag */ = {
			isa = PBXNativeTarget;
			buildConfigurationList = 2876ACEF1F74118F00C15335 /* Build configuration list for PBXNativeTarget "Smashtag" */;
			buildPhases = (
				2876ACD91F74118F00C15335 /* Sources */,
				2876ACDA1F74118F00C15335 /* Frameworks */,
				2876ACDB1F74118F00C15335 /* Resources */,
				285245C71F7BCFBA002F1A6C /* Embed Frameworks */,
			);
			buildRules = (
			);
			dependencies = (
			);
			name = Smashtag;
			productName = Smashtag;
			productReference = 2876ACDD1F74118F00C15335 /* Smashtag.app */;
			productType = "com.apple.product-type.application";
		};
/* End PBXNativeTarget section */

/* Begin PBXProject section */
		2876ACD51F74118F00C15335 /* Project object */ = {
			isa = PBXProject;
			attributes = {
				LastSwiftUpdateCheck = 0830;
				LastUpgradeCheck = 0830;
				ORGANIZATIONNAME = "Данияр Кадырбеков";
				TargetAttributes = {
					2876ACDC1F74118F00C15335 = {
						CreatedOnToolsVersion = 8.3.2;
						DevelopmentTeam = ST93RGEW47;
						LastSwiftMigration = 0830;
						ProvisioningStyle = Automatic;
					};
				};
			};
			buildConfigurationList = 2876ACD81F74118F00C15335 /* Build configuration list for PBXProject "Smashtag" */;
			compatibilityVersion = "Xcode 3.2";
			developmentRegion = English;
			hasScannedForEncodings = 0;
			knownRegions = (
				en,
				Base,
			);
			mainGroup = 2876ACD41F74118F00C15335;
			productRefGroup = 2876ACDE1F74118F00C15335 /* Products */;
			projectDirPath = "";
			projectRoot = "";
			targets = (
				2876ACDC1F74118F00C15335 /* Smashtag */,
			);
		};
/* End PBXProject section */

/* Begin PBXResourcesBuildPhase section */
		2876ACDB1F74118F00C15335 /* Resources */ = {
			isa = PBXResourcesBuildPhase;
			buildActionMask = 2147483647;
			files = (
				2876ACEB1F74118F00C15335 /* LaunchScreen.storyboard in Resources */,
				2876ACE81F74118F00C15335 /* Assets.xcassets in Resources */,
				2876ACE61F74118F00C15335 /* Main.storyboard in Resources */,
			);
			runOnlyForDeploymentPostprocessing = 0;
		};
/* End PBXResourcesBuildPhase section */

/* Begin PBXSourcesBuildPhase section */
		2876ACD91F74118F00C15335 /* Sources */ = {
			isa = PBXSourcesBuildPhase;
			buildActionMask = 2147483647;
			files = (
				2876ACE11F74118F00C15335 /* AppDelegate.swift in Sources */,
				2876ACF81F7412C000C15335 /* TweetTableViewController.swift in Sources */,
				285245C91F7BE408002F1A6C /* TweetTableViewCell.swift in Sources */,
			);
			runOnlyForDeploymentPostprocessing = 0;
		};
/* End PBXSourcesBuildPhase section */

/* Begin PBXVariantGroup section */
		2876ACE41F74118F00C15335 /* Main.storyboard */ = {
			isa = PBXVariantGroup;
			children = (
				2876ACE51F74118F00C15335 /* Base */,
			);
			name = Main.storyboard;
			sourceTree = "<group>";
		};
		2876ACE91F74118F00C15335 /* LaunchScreen.storyboard */ = {
			isa = PBXVariantGroup;
			children = (
				2876ACEA1F74118F00C15335 /* Base */,
			);
			name = LaunchScreen.storyboard;
			sourceTree = "<group>";
		};
/* End PBXVariantGroup section */

/* Begin XCBuildConfiguration section */
		2876ACED1F74118F00C15335 /* Debug */ = {
			isa = XCBuildConfiguration;
			buildSettings = {
				ALWAYS_SEARCH_USER_PATHS = NO;
				CLANG_ANALYZER_NONNULL = YES;
				CLANG_ANALYZER_NUMBER_OBJECT_CONVERSION = YES_AGGRESSIVE;
				CLANG_CXX_LANGUAGE_STANDARD = "gnu++0x";
				CLANG_CXX_LIBRARY = "libc++";
				CLANG_ENABLE_MODULES = YES;
				CLANG_ENABLE_OBJC_ARC = YES;
				CLANG_WARN_BOOL_CONVERSION = YES;
				CLANG_WARN_CONSTANT_CONVERSION = YES;
				CLANG_WARN_DIRECT_OBJC_ISA_USAGE = YES_ERROR;
				CLANG_WARN_DOCUMENTATION_COMMENTS = YES;
				CLANG_WARN_EMPTY_BODY = YES;
				CLANG_WARN_ENUM_CONVERSION = YES;
				CLANG_WARN_INFINITE_RECURSION = YES;
				CLANG_WARN_INT_CONVERSION = YES;
				CLANG_WARN_OBJC_ROOT_CLASS = YES_ERROR;
				CLANG_WARN_SUSPICIOUS_MOVE = YES;
				CLANG_WARN_UNREACHABLE_CODE = YES;
				CLANG_WARN__DUPLICATE_METHOD_MATCH = YES;
				"CODE_SIGN_IDENTITY[sdk=iphoneos*]" = "iPhone Developer";
				COPY_PHASE_STRIP = NO;
				DEBUG_INFORMATION_FORMAT = dwarf;
				ENABLE_STRICT_OBJC_MSGSEND = YES;
				ENABLE_TESTABILITY = YES;
				GCC_C_LANGUAGE_STANDARD = gnu99;
				GCC_DYNAMIC_NO_PIC = NO;
				GCC_NO_COMMON_BLOCKS = YES;
				GCC_OPTIMIZATION_LEVEL = 0;
				GCC_PREPROCESSOR_DEFINITIONS = (
					"DEBUG=1",
					"$(inherited)",
				);
				GCC_WARN_64_TO_32_BIT_CONVERSION = YES;
				GCC_WARN_ABOUT_RETURN_TYPE = YES_ERROR;
				GCC_WARN_UNDECLARED_SELECTOR = YES;
				GCC_WARN_UNINITIALIZED_AUTOS = YES_AGGRESSIVE;
				GCC_WARN_UNUSED_FUNCTION = YES;
				GCC_WARN_UNUSED_VARIABLE = YES;
				IPHONEOS_DEPLOYMENT_TARGET = 10.3;
				MTL_ENABLE_DEBUG_INFO = YES;
				ONLY_ACTIVE_ARCH = YES;
				SDKROOT = iphoneos;
				SWIFT_ACTIVE_COMPILATION_CONDITIONS = DEBUG;
				SWIFT_OPTIMIZATION_LEVEL = "-Onone";
			};
			name = Debug;
		};
		2876ACEE1F74118F00C15335 /* Release */ = {
			isa = XCBuildConfiguration;
			buildSettings = {
				ALWAYS_SEARCH_USER_PATHS = NO;
				CLANG_ANALYZER_NONNULL = YES;
				CLANG_ANALYZER_NUMBER_OBJECT_CONVERSION = YES_AGGRESSIVE;
				CLANG_CXX_LANGUAGE_STANDARD = "gnu++0x";
				CLANG_CXX_LIBRARY = "libc++";
				CLANG_ENABLE_MODULES = YES;
				CLANG_ENABLE_OBJC_ARC = YES;
				CLANG_WARN_BOOL_CONVERSION = YES;
				CLANG_WARN_CONSTANT_CONVERSION = YES;
				CLANG_WARN_DIRECT_OBJC_ISA_USAGE = YES_ERROR;
				CLANG_WARN_DOCUMENTATION_COMMENTS = YES;
				CLANG_WARN_EMPTY_BODY = YES;
				CLANG_WARN_ENUM_CONVERSION = YES;
				CLANG_WARN_INFINITE_RECURSION = YES;
				CLANG_WARN_INT_CONVERSION = YES;
				CLANG_WARN_OBJC_ROOT_CLASS = YES_ERROR;
				CLANG_WARN_SUSPICIOUS_MOVE = YES;
				CLANG_WARN_UNREACHABLE_CODE = YES;
				CLANG_WARN__DUPLICATE_METHOD_MATCH = YES;
				"CODE_SIGN_IDENTITY[sdk=iphoneos*]" = "iPhone Developer";
				COPY_PHASE_STRIP = NO;
				DEBUG_INFORMATION_FORMAT = "dwarf-with-dsym";
				ENABLE_NS_ASSERTIONS = NO;
				ENABLE_STRICT_OBJC_MSGSEND = YES;
				GCC_C_LANGUAGE_STANDARD = gnu99;
				GCC_NO_COMMON_BLOCKS = YES;
				GCC_WARN_64_TO_32_BIT_CONVERSION = YES;
				GCC_WARN_ABOUT_RETURN_TYPE = YES_ERROR;
				GCC_WARN_UNDECLARED_SELECTOR = YES;
				GCC_WARN_UNINITIALIZED_AUTOS = YES_AGGRESSIVE;
				GCC_WARN_UNUSED_FUNCTION = YES;
				GCC_WARN_UNUSED_VARIABLE = YES;
				IPHONEOS_DEPLOYMENT_TARGET = 10.3;
				MTL_ENABLE_DEBUG_INFO = NO;
				SDKROOT = iphoneos;
				SWIFT_OPTIMIZATION_LEVEL = "-Owholemodule";
				VALIDATE_PRODUCT = YES;
			};
			name = Release;
		};
		2876ACF01F74118F00C15335 /* Debug */ = {
			isa = XCBuildConfiguration;
			buildSettings = {
				ASSETCATALOG_COMPILER_APPICON_NAME = AppIcon;
				DEVELOPMENT_TEAM = ST93RGEW47;
				INFOPLIST_FILE = Smashtag/Info.plist;
				LD_RUNPATH_SEARCH_PATHS = "$(inherited) @executable_path/Frameworks";
				PRODUCT_BUNDLE_IDENTIFIER = KadyrbekovDaniyar.Smashtag;
				PRODUCT_NAME = "$(TARGET_NAME)";
				SWIFT_VERSION = 3.0;
			};
			name = Debug;
		};
		2876ACF11F74118F00C15335 /* Release */ = {
			isa = XCBuildConfiguration;
			buildSettings = {
				ASSETCATALOG_COMPILER_APPICON_NAME = AppIcon;
				DEVELOPMENT_TEAM = ST93RGEW47;
				INFOPLIST_FILE = Smashtag/Info.plist;
				LD_RUNPATH_SEARCH_PATHS = "$(inherited) @executable_path/Frameworks";
				PRODUCT_BUNDLE_IDENTIFIER = KadyrbekovDaniyar.Smashtag;
				PRODUCT_NAME = "$(TARGET_NAME)";
				SWIFT_VERSION = 3.0;
			};
			name = Release;
		};
/* End XCBuildConfiguration section */

/* Begin XCConfigurationList section */
		2876ACD81F74118F00C15335 /* Build configuration list for PBXProject "Smashtag" */ = {
			isa = XCConfigurationList;
			buildConfigurations = (
				2876ACED1F74118F00C15335 /* Debug */,
				2876ACEE1F74118F00C15335 /* Release */,
			);
			defaultConfigurationIsVisible = 0;
			defaultConfigurationName = Release;
		};
		2876ACEF1F74118F00C15335 /* Build configuration list for PBXNativeTarget "Smashtag" */ = {
			isa = XCConfigurationList;
			buildConfigurations = (
				2876ACF01F74118F00C15335 /* Debug */,
				2876ACF11F74118F00C15335 /* Release */,
			);
			defaultConfigurationIsVisible = 0;
			defaultConfigurationName = Release;
		};
/* End XCConfigurationList section */
	};
	rootObject = 2876ACD51F74118F00C15335 /* Project object */;
}
